{
  "version": 4,
  "terraform_version": "1.2.4",
  "serial": 8,
  "lineage": "f2f4b85d-f1d0-2dc6-e56d-5a7126a582db",
  "outputs": {
    "endpoint": {
      "value": "104.154.250.55",
      "type": "string"
    }
  },
  "resources": [
    {
      "mode": "managed",
      "type": "google_container_cluster",
      "name": "default",
      "provider": "provider[\"registry.terraform.io/hashicorp/google\"]",
      "instances": [
        {
          "schema_version": 1,
          "attributes": {
            "addons_config": [
              {
                "cloudrun_config": [],
                "gcp_filestore_csi_driver_config": [],
                "horizontal_pod_autoscaling": [],
                "http_load_balancing": [],
                "network_policy_config": [
                  {
                    "disabled": true
                  }
                ]
              }
            ],
            "authenticator_groups_config": [],
            "cluster_autoscaling": [
              {
                "auto_provisioning_defaults": [],
                "enabled": false,
                "resource_limits": []
              }
            ],
            "cluster_ipv4_cidr": "10.64.0.0/14",
            "confidential_nodes": [],
            "database_encryption": [
              {
                "key_name": "",
                "state": "DECRYPTED"
              }
            ],
            "datapath_provider": "",
            "default_max_pods_per_node": null,
            "default_snat_status": [
              {
                "disabled": false
              }
            ],
            "description": "Demo cluster",
            "dns_config": [],
            "enable_autopilot": false,
            "enable_binary_authorization": false,
            "enable_intranode_visibility": false,
            "enable_kubernetes_alpha": false,
            "enable_legacy_abac": true,
            "enable_shielded_nodes": true,
            "enable_tpu": false,
            "endpoint": "104.154.250.55",
            "id": "projects/cern-cms-epn/locations/us-central1-c/clusters/cluster-terraform-2",
            "initial_node_count": 1,
            "ip_allocation_policy": [],
            "label_fingerprint": "a9dc16a7",
            "location": "us-central1-c",
            "logging_config": [
              {
                "enable_components": [
                  "SYSTEM_COMPONENTS",
                  "WORKLOADS"
                ]
              }
            ],
            "logging_service": "logging.googleapis.com/kubernetes",
            "maintenance_policy": [],
            "master_auth": [
              {
                "client_certificate": "",
                "client_certificate_config": [
                  {
                    "issue_client_certificate": false
                  }
                ],
                "client_key": "",
                "cluster_ca_certificate": "LS0tLS1CRUdJTiBDRVJUSUZJQ0FURS0tLS0tCk1JSUVMRENDQXBTZ0F3SUJBZ0lRTjNibCtoMWhaaTdFZERQb3ZhY0NuakFOQmdrcWhraUc5dzBCQVFzRkFEQXYKTVMwd0t3WURWUVFERXlSa1pETmtNRGhtWVMxaFptSmpMVFJtWVdZdFlqSTROQzB3T1dObU5EQmxNVFpoWWpndwpJQmNOTWpJd056RXhNakF3T1RVMFdoZ1BNakExTWpBM01ETXlNVEE1TlRSYU1DOHhMVEFyQmdOVkJBTVRKR1JrCk0yUXdPR1poTFdGbVltTXROR1poWmkxaU1qZzBMVEE1WTJZME1HVXhObUZpT0RDQ0FhSXdEUVlKS29aSWh2Y04KQVFFQkJRQURnZ0dQQURDQ0FZb0NnZ0dCQU5ydktUc1RlWWp3MEw4aTJUVWkxa1ljTEdvYWtEbE9TUGE0eG1xNwpSb082S08yY2ZwV3FnZ1RKWFVCWS9pbitleERVODhQaDFHU2VqTnZGaVdqOHVPTzhNb1U1L0tCQm1Xd3N6MUljCm9VVFVQOWY0czhEMHB4azZWbG1yQlluc21WRHlYZ25sT0NYU2VxU1duNVd2UTdEYlpTRG5zWmt3NGtQL29ObFoKemlTTnd3cjh4Q3dTMXJXbUtGOUNLUFUyS3gzU1l4ZFlUL0dhOFRURUFkN1RBSkhuZmx5bml4dVEvUmw2R3NGOApLT2JyREZscXp5NURRZTM1ZzVKM1dIdWFOTnNhbWpMUER6bVJmWk9HajJNV2o4RklFa2xiUzlDaHBYZm9rZzJtCnl3VjFQVEx0VSszSDNTUWxxRUgyRkNGNTdycEJUNForUGltQUwvMW1XNDEvSEF1V0VYMVdiSWZRR0REN3pUR0kKZEFZUFBEQ05YWTBaYWYvdkFCb010SFltRG1IVUYvRkpld3BXeDNWRE5JTmJaU3NDeWRERGl3a2FEc2lOajVzVQp0L2tnNnloU29QOGpvdW0yYlhlalNIdnVoelptL3ZLNWJOOFBwN0VXdEV0RnZqN0pvalhrd1RaalVKRlNuUFpiCjRDamJvakdhcTZCejRITzFPSUFjUnNlVkt3SURBUUFCbzBJd1FEQU9CZ05WSFE4QkFmOEVCQU1DQWdRd0R3WUQKVlIwVEFRSC9CQVV3QXdFQi96QWRCZ05WSFE0RUZnUVVwbWVmQ0dRc2VoK2x2NHJqQm5ma1BBblh6Y013RFFZSgpLb1pJaHZjTkFRRUxCUUFEZ2dHQkFIT3dHaVhyejdwTGQzblFOY2wvOGRkQy9qUUFveWNmS0tUY3BvdStPbW1KClRUczNOTFVNcytiSVU2dThURjJrcG4zVDJ4bTJPMVhHUmVLQnpCeWo2czFLVEw0c0tPSVRicGJtM25qRFF0aVQKaG1DcXZIRlE1ZnFHY3Y5Sm96ODQ0OWFkTXIxSEpxek1XRWxESWk3aVQyS0NSVnhlV3VZNjVhVUpKZVFSOEN6MQpqM2N6NExINGsrc1VEU09iVGIwV3NIY0pUbjZuS01yaEhEekFuYTcvcGZaWVlZNkw5eGVKRXlmSnA4WG9ObHF4CnNtMXczay9TdmZMcTFtUVNXTG55MnU5UDFSR2d4SnVWOXFWOUFVbGZnazU0Uzg5R08yUUNNbHRSU3pnVkFmR1kKU0VmYkMrTGdHMTg1OFl4T3l3eXhnZHI1MnlJb0dwY1JaZVVDTE9kb1VWRlo5RG92UzBZSEFDd1VuWFNZY1k0UQp2T3RwWVlnNENtWkJCdlUwajZzODZzQStWajF5M1QzZzVSR1hJZjZxajdmNEg3d2dZSzRPclZ5S0x1cGNnZ0sxCi9ERElNZEVYai9oamtCYks3V3p1bFJVVWhlK015c3pGZ2gzOHZFL3kycWlRSU95TFlIaGZ1dEZYTGsySzV4WFUKbUdacllEc0hNb0VaK3l6enlJeUdldz09Ci0tLS0tRU5EIENFUlRJRklDQVRFLS0tLS0K"
              }
            ],
            "master_authorized_networks_config": [],
            "master_version": "1.22.8-gke.202",
            "min_master_version": null,
            "monitoring_config": [
              {
                "enable_components": [
                  "SYSTEM_COMPONENTS"
                ]
              }
            ],
            "monitoring_service": "monitoring.googleapis.com/kubernetes",
            "name": "cluster-terraform-2",
            "network": "projects/cern-cms-epn/global/networks/default",
            "network_policy": [
              {
                "enabled": false,
                "provider": "PROVIDER_UNSPECIFIED"
              }
            ],
            "networking_mode": "ROUTES",
            "node_config": [],
            "node_locations": [],
            "node_pool": [],
            "node_version": "1.22.8-gke.202",
            "operation": null,
            "private_cluster_config": [],
            "private_ipv6_google_access": "",
            "project": "cern-cms-epn",
            "release_channel": [
              {
                "channel": "REGULAR"
              }
            ],
            "remove_default_node_pool": true,
            "resource_labels": null,
            "resource_usage_export_config": [],
            "self_link": "https://container.googleapis.com/v1/projects/cern-cms-epn/zones/us-central1-c/clusters/cluster-terraform-2",
            "services_ipv4_cidr": "10.67.240.0/20",
            "subnetwork": "projects/cern-cms-epn/regions/us-central1/subnetworks/default",
            "timeouts": null,
            "tpu_ipv4_cidr_block": "",
            "vertical_pod_autoscaling": [],
            "workload_identity_config": []
          },
          "sensitive_attributes": [],
          "private": "eyJlMmJmYjczMC1lY2FhLTExZTYtOGY4OC0zNDM2M2JjN2M0YzAiOnsiY3JlYXRlIjoyNDAwMDAwMDAwMDAwLCJkZWxldGUiOjI0MDAwMDAwMDAwMDAsInJlYWQiOjI0MDAwMDAwMDAwMDAsInVwZGF0ZSI6MzYwMDAwMDAwMDAwMH0sInNjaGVtYV92ZXJzaW9uIjoiMSJ9"
        }
      ]
    },
    {
      "mode": "managed",
      "type": "google_container_node_pool",
      "name": "default",
      "provider": "provider[\"registry.terraform.io/hashicorp/google\"]",
      "instances": [
        {
          "schema_version": 1,
          "attributes": {
            "autoscaling": [],
            "cluster": "cluster-terraform-2",
            "id": "projects/cern-cms-epn/locations/us-central1-c/clusters/cluster-terraform-2/nodePools/cluster-terraform-2-node-pool",
            "initial_node_count": 1,
            "instance_group_urls": [
              "https://www.googleapis.com/compute/v1/projects/cern-cms-epn/zones/us-central1-c/instanceGroupManagers/gke-cluster-terrafor-cluster-terrafor-1679478a-grp"
            ],
            "location": "us-central1-c",
            "managed_instance_group_urls": [
              "https://www.googleapis.com/compute/v1/projects/cern-cms-epn/zones/us-central1-c/instanceGroups/gke-cluster-terrafor-cluster-terrafor-1679478a-grp"
            ],
            "management": [
              {
                "auto_repair": true,
                "auto_upgrade": true
              }
            ],
            "max_pods_per_node": null,
            "name": "cluster-terraform-2-node-pool",
            "name_prefix": "",
            "node_config": [
              {
                "boot_disk_kms_key": "",
                "disk_size_gb": 100,
                "disk_type": "pd-standard",
                "gcfs_config": [],
                "guest_accelerator": [],
                "gvnic": [],
                "image_type": "COS_CONTAINERD",
                "labels": {},
                "local_ssd_count": 0,
                "machine_type": "e2-standard-4",
                "metadata": {
                  "disable-legacy-endpoints": "true"
                },
                "min_cpu_platform": "",
                "node_group": "",
                "oauth_scopes": [
                  "https://www.googleapis.com/auth/logging.write",
                  "https://www.googleapis.com/auth/monitoring"
                ],
                "preemptible": true,
                "service_account": "default",
                "shielded_instance_config": [
                  {
                    "enable_integrity_monitoring": true,
                    "enable_secure_boot": false
                  }
                ],
                "spot": false,
                "tags": null,
                "taint": [],
                "workload_metadata_config": []
              }
            ],
            "node_count": 1,
            "node_locations": [
              "us-central1-c"
            ],
            "operation": null,
            "project": "cern-cms-epn",
            "timeouts": null,
            "upgrade_settings": [
              {
                "max_surge": 1,
                "max_unavailable": 0
              }
            ],
            "version": "1.22.8-gke.202"
          },
          "sensitive_attributes": [],
          "private": "eyJlMmJmYjczMC1lY2FhLTExZTYtOGY4OC0zNDM2M2JjN2M0YzAiOnsiY3JlYXRlIjoxODAwMDAwMDAwMDAwLCJkZWxldGUiOjE4MDAwMDAwMDAwMDAsInVwZGF0ZSI6MTgwMDAwMDAwMDAwMH0sInNjaGVtYV92ZXJzaW9uIjoiMSJ9",
          "dependencies": [
            "google_container_cluster.default"
          ]
        }
      ]
    }
  ]
}
